# This file is @generated by PDM.
# It is not intended for manual editing.

[metadata]
groups = ["default"]
strategy = ["inherit_metadata"]
lock_version = "4.5.0"
content_hash = "sha256:ff94313d39680ddd960bd46d4781b55956501936da2f3e7a40b4adb5bc8de4f8"

[[metadata.targets]]
requires_python = "==3.11.*"

[[package]]
name = "transform"
version = "0.1.0"
requires_python = "==3.11.*"
path = "./."
summary = "Default template for PDM package"
groups = ["default"]
